
Microsoft Visual Studio Solution File, Format Version 12.00
# Visual Studio 15
Project("{FAE04EC0-301F-11D3-BF4B-00C04F79EFBC}") = "Assembly-CSharp", "Assembly-CSharp.csproj", "{F5011570-FD5B-EFF1-2E39-0D3933ECF229}"
EndProject
Project("{FAE04EC0-301F-11D3-BF4B-00C04F79EFBC}") = "Assembly-CSharp-Editor", "Assembly-CSharp-Editor.csproj", "{9B246D98-DDA1-902B-CC03-B4C59D34B332}"
EndProject
Global
	GlobalSection(SolutionConfigurationPlatforms) = preSolution
		Debug|Any CPU = Debug|Any CPU
		Release|Any CPU = Release|Any CPU
	EndGlobalSection
	GlobalSection(ProjectConfigurationPlatforms) = postSolution
		{F5011570-FD5B-EFF1-2E39-0D3933ECF229}.Debug|Any CPU.ActiveCfg = Debug|Any CPU
		{F5011570-FD5B-EFF1-2E39-0D3933ECF229}.Debug|Any CPU.Build.0 = Debug|Any CPU
		{F5011570-FD5B-EFF1-2E39-0D3933ECF229}.Release|Any CPU.ActiveCfg = Release|Any CPU
		{F5011570-FD5B-EFF1-2E39-0D3933ECF229}.Release|Any CPU.Build.0 = Release|Any CPU
		{9B246D98-DDA1-902B-CC03-B4C59D34B332}.Debug|Any CPU.ActiveCfg = Debug|Any CPU
		{9B246D98-DDA1-902B-CC03-B4C59D34B332}.Debug|Any CPU.Build.0 = Debug|Any CPU
		{9B246D98-DDA1-902B-CC03-B4C59D34B332}.Release|Any CPU.ActiveCfg = Release|Any CPU
		{9B246D98-DDA1-902B-CC03-B4C59D34B332}.Release|Any CPU.Build.0 = Release|Any CPU
	EndGlobalSection
	GlobalSection(SolutionProperties) = preSolution
		HideSolutionNode = FALSE
	EndGlobalSection
EndGlobal
